
Microsoft Visual Studio Solution File, Format Version 12.00
# Visual Studio Version 17
VisualStudioVersion = 17.5.33424.131
MinimumVisualStudioVersion = 10.0.40219.1
Project("{FAE04EC0-301F-11D3-BF4B-00C04F79EFBC}") = "Ticket_Raiser", "Ticket_Raiser\Ticket_Raiser.csproj", "{30153E72-AA1C-41BF-BAC6-8ED28B142AEB}"
EndProject
Global
	GlobalSection(SolutionConfigurationPlatforms) = preSolution
		Debug|Any CPU = Debug|Any CPU
		Release|Any CPU = Release|Any CPU
	EndGlobalSection
	GlobalSection(ProjectConfigurationPlatforms) = postSolution
		{30153E72-AA1C-41BF-BAC6-8ED28B142AEB}.Debug|Any CPU.ActiveCfg = Debug|Any CPU
		{30153E72-AA1C-41BF-BAC6-8ED28B142AEB}.Debug|Any CPU.Build.0 = Debug|Any CPU
		{30153E72-AA1C-41BF-BAC6-8ED28B142AEB}.Release|Any CPU.ActiveCfg = Release|Any CPU
		{30153E72-AA1C-41BF-BAC6-8ED28B142AEB}.Release|Any CPU.Build.0 = Release|Any CPU
	EndGlobalSection
	GlobalSection(SolutionProperties) = preSolution
		HideSolutionNode = FALSE
	EndGlobalSection
	GlobalSection(ExtensibilityGlobals) = postSolution
		SolutionGuid = {5294CA8F-9A9F-44D9-83F2-EEF5239E034A}
	EndGlobalSection
EndGlobal
